{
  "lockfile_version": "1",
  "packages": {
    "github:NixOS/nixpkgs/nixpkgs-unstable": {
      "resolved": "github:NixOS/nixpkgs/02032da4af073d0f6110540c8677f16d4be0117f?lastModified=1741037377&narHash=sha256-SvtvVKHaUX4Owb%2BPasySwZsoc5VUeTf1px34BByiOxw%3D"
    },
    "nats-server@latest": {
      "last_modified": "2024-01-23T02:13:08Z",
      "resolved": "github:NixOS/nixpkgs/4d3d04cfd372a0511f12b885c9822e406b00fe8e#nats-server",
      "source": "devbox-search",
      "version": "2.10.9",
      "systems": {
        "aarch64-darwin": {
          "store_path": "/nix/store/5yc0acxf8zi0m05cky21zh7689bc21xf-nats-server-2.10.9"
        },
        "aarch64-linux": {
          "store_path": "/nix/store/f93srmd78zm5a980hp8h59090x6qajyq-nats-server-2.10.9"
        },
        "x86_64-darwin": {
          "store_path": "/nix/store/p2y7hwn55vivp54qr5r5qr27vq2dnmbd-nats-server-2.10.9"
        },
        "x86_64-linux": {
          "store_path": "/nix/store/2llnywivgyxf84wmviljmsf6cbfy8k8h-nats-server-2.10.9"
        }
      }
    },
    "nodejs@latest": {
      "last_modified": "2023-11-19T17:46:56Z",
      "plugin_version": "0.0.2",
      "resolved": "github:NixOS/nixpkgs/0bf3f5cf6a98b5d077cdcdb00a6d4b3d92bc78b5#nodejs_21",
      "source": "devbox-search",
      "version": "21.2.0",
      "systems": {
        "aarch64-darwin": {
          "store_path": "/nix/store/waq8bb12nbqwxxn1lgvdzsgs0gqk0d04-nodejs-21.2.0"
        },
        "aarch64-linux": {
          "store_path": "/nix/store/v03cn5xw03nxykgix04r1l31jjrgf9d3-nodejs-21.2.0"
        },
        "x86_64-darwin": {
          "store_path": "/nix/store/sv6nivfsqcl8s1dhqjpjy8dqvbx9mxwl-nodejs-21.2.0"
        },
        "x86_64-linux": {
          "store_path": "/nix/store/iklfdn5l792z46dl5qq9zqzqsmp2m4m9-nodejs-21.2.0"
        }
      }
    },
    "pnpm_8@latest": {
      "last_modified": "2024-08-31T10:12:23Z",
      "resolved": "github:NixOS/nixpkgs/5629520edecb69630a3f4d17d3d33fc96c13f6fe#pnpm_8",
      "source": "devbox-search",
      "version": "8.15.9",
      "systems": {
        "aarch64-darwin": {
          "outputs": [
            {
              "name": "out",
              "path": "/nix/store/hvhlcbvpyjz803bv9nhyavb1r5g6vq93-pnpm-8.15.9",
              "default": true
            }
          ],
          "store_path": "/nix/store/hvhlcbvpyjz803bv9nhyavb1r5g6vq93-pnpm-8.15.9"
        },
        "aarch64-linux": {
          "outputs": [
            {
              "name": "out",
              "path": "/nix/store/r4lyiyfxr8zv7gwcph6d8mm426sw808c-pnpm-8.15.9",
              "default": true
            }
          ],
          "store_path": "/nix/store/r4lyiyfxr8zv7gwcph6d8mm426sw808c-pnpm-8.15.9"
        },
        "x86_64-darwin": {
          "outputs": [
            {
              "name": "out",
              "path": "/nix/store/wmbjjaii4a7hpk02kqfzf6c9q5x1z1q9-pnpm-8.15.9",
              "default": true
            }
          ],
          "store_path": "/nix/store/wmbjjaii4a7hpk02kqfzf6c9q5x1z1q9-pnpm-8.15.9"
        },
        "x86_64-linux": {
          "outputs": [
            {
              "name": "out",
              "path": "/nix/store/xbdzqlswny2grg5hcx9sdvhm2fgzj4hw-pnpm-8.15.9",
              "default": true
            }
          ],
          "store_path": "/nix/store/xbdzqlswny2grg5hcx9sdvhm2fgzj4hw-pnpm-8.15.9"
        }
      }
    }
  }
}
